
Microsoft Visual Studio Solution File, Format Version 12.00
# Visual Studio Version 16
VisualStudioVersion = 16.0.33027.164
MinimumVisualStudioVersion = 10.0.40219.1
Project("{9A19103F-16F7-4668-BE54-9A1E7A4F7556}") = "IntentoNetCore1", "IntentoNetCore1\IntentoNetCore1.csproj", "{D6ABC252-7419-47B6-8AC4-A45A0F67CC2F}"
EndProject
Global
	GlobalSection(SolutionConfigurationPlatforms) = preSolution
		Debug|Any CPU = Debug|Any CPU
		Release|Any CPU = Release|Any CPU
	EndGlobalSection
	GlobalSection(ProjectConfigurationPlatforms) = postSolution
		{D6ABC252-7419-47B6-8AC4-A45A0F67CC2F}.Debug|Any CPU.ActiveCfg = Debug|Any CPU
		{D6ABC252-7419-47B6-8AC4-A45A0F67CC2F}.Debug|Any CPU.Build.0 = Debug|Any CPU
		{D6ABC252-7419-47B6-8AC4-A45A0F67CC2F}.Release|Any CPU.ActiveCfg = Release|Any CPU
		{D6ABC252-7419-47B6-8AC4-A45A0F67CC2F}.Release|Any CPU.Build.0 = Release|Any CPU
	EndGlobalSection
	GlobalSection(SolutionProperties) = preSolution
		HideSolutionNode = FALSE
	EndGlobalSection
	GlobalSection(ExtensibilityGlobals) = postSolution
		SolutionGuid = {C330FE41-83FB-4B6E-803C-F76B93D9E646}
	EndGlobalSection
EndGlobal
